
Microsoft Visual Studio Solution File, Format Version 12.00
# Visual Studio Version 17
VisualStudioVersion = 17.11.35431.28
MinimumVisualStudioVersion = 10.0.40219.1
Project("{FAE04EC0-301F-11D3-BF4B-00C04F79EFBC}") = "Better Pigs", "Better Pigs.csproj", "{30C6955D-C092-4F77-9C6A-5DE2129F09EA}"
EndProject
Global
	GlobalSection(SolutionConfigurationPlatforms) = preSolution
		Debug|Any CPU = Debug|Any CPU
		Release|Any CPU = Release|Any CPU
	EndGlobalSection
	GlobalSection(ProjectConfigurationPlatforms) = postSolution
		{30C6955D-C092-4F77-9C6A-5DE2129F09EA}.Debug|Any CPU.ActiveCfg = Debug|Any CPU
		{30C6955D-C092-4F77-9C6A-5DE2129F09EA}.Debug|Any CPU.Build.0 = Debug|Any CPU
		{30C6955D-C092-4F77-9C6A-5DE2129F09EA}.Release|Any CPU.ActiveCfg = Release|Any CPU
		{30C6955D-C092-4F77-9C6A-5DE2129F09EA}.Release|Any CPU.Build.0 = Release|Any CPU
	EndGlobalSection
	GlobalSection(SolutionProperties) = preSolution
		HideSolutionNode = FALSE
	EndGlobalSection
	GlobalSection(ExtensibilityGlobals) = postSolution
		SolutionGuid = {BC6E04BB-2233-4AA2-84A8-2482C875FF17}
	EndGlobalSection
EndGlobal
